
Microsoft Visual Studio Solution File, Format Version 12.00
# Visual Studio Version 17
VisualStudioVersion = 17.7.34018.315
MinimumVisualStudioVersion = 10.0.40219.1
Project("{FAE04EC0-301F-11D3-BF4B-00C04F79EFBC}") = "Maletkunst.DAL", "Maletkunst.DAL\Maletkunst.DAL.csproj", "{B5ECE9B8-92FA-4AC6-BD8D-BACDE058114F}"
EndProject
Project("{FAE04EC0-301F-11D3-BF4B-00C04F79EFBC}") = "Maletkunst.MVC", "Maletkunst.MVC\Maletkunst.MVC.csproj", "{372C59D8-4B58-4559-B037-F164A91EB84E}"
EndProject
Project("{FAE04EC0-301F-11D3-BF4B-00C04F79EFBC}") = "Maletkunst.RestApi", "Maletkunst.RestApi\Maletkunst.RestApi.csproj", "{C2015C08-B8F4-46E1-90A7-90E281E6A972}"
EndProject
Project("{FAE04EC0-301F-11D3-BF4B-00C04F79EFBC}") = "Maletkunst.Tests", "Maletkunst.Tests\Maletkunst.Tests.csproj", "{06546E03-DABD-4DD2-AF1E-A0963C774E5C}"
EndProject
Project("{FAE04EC0-301F-11D3-BF4B-00C04F79EFBC}") = "Maletkunst.WinApp", "Maletkunst.WinApp\Maletkunst.WinApp.csproj", "{0A05E107-5364-440B-90D3-76EB4ED83C1B}"
EndProject
Global
	GlobalSection(SolutionConfigurationPlatforms) = preSolution
		Debug|Any CPU = Debug|Any CPU
		Release|Any CPU = Release|Any CPU
	EndGlobalSection
	GlobalSection(ProjectConfigurationPlatforms) = postSolution
		{B5ECE9B8-92FA-4AC6-BD8D-BACDE058114F}.Debug|Any CPU.ActiveCfg = Debug|Any CPU
		{B5ECE9B8-92FA-4AC6-BD8D-BACDE058114F}.Debug|Any CPU.Build.0 = Debug|Any CPU
		{B5ECE9B8-92FA-4AC6-BD8D-BACDE058114F}.Release|Any CPU.ActiveCfg = Release|Any CPU
		{B5ECE9B8-92FA-4AC6-BD8D-BACDE058114F}.Release|Any CPU.Build.0 = Release|Any CPU
		{372C59D8-4B58-4559-B037-F164A91EB84E}.Debug|Any CPU.ActiveCfg = Debug|Any CPU
		{372C59D8-4B58-4559-B037-F164A91EB84E}.Debug|Any CPU.Build.0 = Debug|Any CPU
		{372C59D8-4B58-4559-B037-F164A91EB84E}.Release|Any CPU.ActiveCfg = Release|Any CPU
		{372C59D8-4B58-4559-B037-F164A91EB84E}.Release|Any CPU.Build.0 = Release|Any CPU
		{C2015C08-B8F4-46E1-90A7-90E281E6A972}.Debug|Any CPU.ActiveCfg = Debug|Any CPU
		{C2015C08-B8F4-46E1-90A7-90E281E6A972}.Debug|Any CPU.Build.0 = Debug|Any CPU
		{C2015C08-B8F4-46E1-90A7-90E281E6A972}.Release|Any CPU.ActiveCfg = Release|Any CPU
		{C2015C08-B8F4-46E1-90A7-90E281E6A972}.Release|Any CPU.Build.0 = Release|Any CPU
		{06546E03-DABD-4DD2-AF1E-A0963C774E5C}.Debug|Any CPU.ActiveCfg = Debug|Any CPU
		{06546E03-DABD-4DD2-AF1E-A0963C774E5C}.Debug|Any CPU.Build.0 = Debug|Any CPU
		{06546E03-DABD-4DD2-AF1E-A0963C774E5C}.Release|Any CPU.ActiveCfg = Release|Any CPU
		{06546E03-DABD-4DD2-AF1E-A0963C774E5C}.Release|Any CPU.Build.0 = Release|Any CPU
		{0A05E107-5364-440B-90D3-76EB4ED83C1B}.Debug|Any CPU.ActiveCfg = Debug|Any CPU
		{0A05E107-5364-440B-90D3-76EB4ED83C1B}.Debug|Any CPU.Build.0 = Debug|Any CPU
		{0A05E107-5364-440B-90D3-76EB4ED83C1B}.Release|Any CPU.ActiveCfg = Release|Any CPU
		{0A05E107-5364-440B-90D3-76EB4ED83C1B}.Release|Any CPU.Build.0 = Release|Any CPU
	EndGlobalSection
	GlobalSection(SolutionProperties) = preSolution
		HideSolutionNode = FALSE
	EndGlobalSection
	GlobalSection(ExtensibilityGlobals) = postSolution
		SolutionGuid = {9EA12950-6375-401C-B53B-C32E25267D24}
	EndGlobalSection
EndGlobal
